
Microsoft Visual Studio Solution File, Format Version 12.00
# Visual Studio 15
VisualStudioVersion = 15.0.27205.0
MinimumVisualStudioVersion = 10.0.40219.1
Project("{2150E333-8FDC-42A3-9474-1A3956D46DE8}") = "src", "src", "{81920F53-ADF8-4E4F-87EE-59AB6BE9A90A}"
EndProject
Project("{2150E333-8FDC-42A3-9474-1A3956D46DE8}") = "tests", "tests", "{314D105B-5349-437A-A697-49A7EE9A955A}"
EndProject
Project("{2150E333-8FDC-42A3-9474-1A3956D46DE8}") = "Services", "Services", "{372EFFFA-57EF-40EF-9AD1-6B1250E16644}"
EndProject
Project("{2150E333-8FDC-42A3-9474-1A3956D46DE8}") = "Web", "Web", "{ED1330FD-1B21-42ED-90EE-83D6C8D29E7D}"
EndProject
Project("{E53339B2-1760-4266-BCC7-CA923CBCF16C}") = "docker-compose", "docker-compose.dcproj", "{6FA060AE-980A-4B5F-8D8A-9BAF1EAC3485}"
EndProject
Project("{2150E333-8FDC-42A3-9474-1A3956D46DE8}") = "Amigo", "Amigo", "{E9DA0236-0F4C-4438-84B0-4C63185BAC33}"
EndProject
Project("{2150E333-8FDC-42A3-9474-1A3956D46DE8}") = "Game", "Game", "{76943D8D-8BAA-4EA3-85DA-175EBDF338C2}"
EndProject
Project("{2150E333-8FDC-42A3-9474-1A3956D46DE8}") = "Identity", "Identity", "{C107280A-A10D-4C56-A45F-C4E553F5D2F1}"
EndProject
Project("{2150E333-8FDC-42A3-9474-1A3956D46DE8}") = "Emprestimo", "Emprestimo", "{3A594D4F-1F53-46EE-98F7-0C52D4FAB9E8}"
EndProject
Project("{9A19103F-16F7-4668-BE54-9A1E7A4F7556}") = "Amigo.API", "src\Services\Amigo\Amigo.API\Amigo.API.csproj", "{1D6CB65C-F34F-4369-89F7-E29BB5766A51}"
EndProject
Project("{9A19103F-16F7-4668-BE54-9A1E7A4F7556}") = "Emprestimo.API", "src\Services\Emprestimo\Emprestimo.API\Emprestimo.API.csproj", "{76F38E3F-77D0-4673-83AC-44556E7CD59E}"
EndProject
Project("{9A19103F-16F7-4668-BE54-9A1E7A4F7556}") = "Game.API", "src\Services\Game\Game.API\Game.API.csproj", "{A51EB3D1-C8C4-4D35-851C-AF60A643560C}"
EndProject
Project("{9A19103F-16F7-4668-BE54-9A1E7A4F7556}") = "Identity.API", "src\Services\Identity\Identity.API\Identity.API.csproj", "{537161FA-A165-4D73-A851-9B4017D2279B}"
EndProject
Project("{9A19103F-16F7-4668-BE54-9A1E7A4F7556}") = "Emprestimo.Domain", "src\Services\Emprestimo\Emprestimo.Domain\Emprestimo.Domain.csproj", "{A72ACE7F-6869-40EA-A128-7FA8DAC80B39}"
EndProject
Project("{9A19103F-16F7-4668-BE54-9A1E7A4F7556}") = "Emprestimo.Infra", "src\Services\Emprestimo\Emprestimo.Infra\Emprestimo.Infra.csproj", "{1BFB1646-057E-44F0-AEDA-F86F6EA72F8C}"
EndProject
Project("{2150E333-8FDC-42A3-9474-1A3956D46DE8}") = "Services", "Services", "{1D6D197D-E265-462A-914D-A2FD09AE8069}"
EndProject
Project("{9A19103F-16F7-4668-BE54-9A1E7A4F7556}") = "UnitTest", "tests\Services\UnitTest\UnitTest.csproj", "{44FEFA1C-4FC2-4D83-8446-F74091A8B41C}"
EndProject
Project("{9A19103F-16F7-4668-BE54-9A1E7A4F7556}") = "FunctionalTest", "tests\Services\FunctionalTest\FunctionalTest.csproj", "{A76CAFFB-518A-4872-B65C-94888DEC0259}"
EndProject
Project("{9A19103F-16F7-4668-BE54-9A1E7A4F7556}") = "WebMVC", "src\Web\WebMVC\WebMVC.csproj", "{A1F8EC6D-9F69-4BCA-93F3-BC1FD8E8E636}"
EndProject
Global
	GlobalSection(SolutionConfigurationPlatforms) = preSolution
		Debug|Any CPU = Debug|Any CPU
		Release|Any CPU = Release|Any CPU
	EndGlobalSection
	GlobalSection(ProjectConfigurationPlatforms) = postSolution
		{6FA060AE-980A-4B5F-8D8A-9BAF1EAC3485}.Debug|Any CPU.ActiveCfg = Debug|Any CPU
		{6FA060AE-980A-4B5F-8D8A-9BAF1EAC3485}.Debug|Any CPU.Build.0 = Debug|Any CPU
		{6FA060AE-980A-4B5F-8D8A-9BAF1EAC3485}.Release|Any CPU.ActiveCfg = Release|Any CPU
		{6FA060AE-980A-4B5F-8D8A-9BAF1EAC3485}.Release|Any CPU.Build.0 = Release|Any CPU
		{1D6CB65C-F34F-4369-89F7-E29BB5766A51}.Debug|Any CPU.ActiveCfg = Debug|Any CPU
		{1D6CB65C-F34F-4369-89F7-E29BB5766A51}.Debug|Any CPU.Build.0 = Debug|Any CPU
		{1D6CB65C-F34F-4369-89F7-E29BB5766A51}.Release|Any CPU.ActiveCfg = Release|Any CPU
		{1D6CB65C-F34F-4369-89F7-E29BB5766A51}.Release|Any CPU.Build.0 = Release|Any CPU
		{76F38E3F-77D0-4673-83AC-44556E7CD59E}.Debug|Any CPU.ActiveCfg = Debug|Any CPU
		{76F38E3F-77D0-4673-83AC-44556E7CD59E}.Debug|Any CPU.Build.0 = Debug|Any CPU
		{76F38E3F-77D0-4673-83AC-44556E7CD59E}.Release|Any CPU.ActiveCfg = Release|Any CPU
		{76F38E3F-77D0-4673-83AC-44556E7CD59E}.Release|Any CPU.Build.0 = Release|Any CPU
		{A51EB3D1-C8C4-4D35-851C-AF60A643560C}.Debug|Any CPU.ActiveCfg = Debug|Any CPU
		{A51EB3D1-C8C4-4D35-851C-AF60A643560C}.Debug|Any CPU.Build.0 = Debug|Any CPU
		{A51EB3D1-C8C4-4D35-851C-AF60A643560C}.Release|Any CPU.ActiveCfg = Release|Any CPU
		{A51EB3D1-C8C4-4D35-851C-AF60A643560C}.Release|Any CPU.Build.0 = Release|Any CPU
		{537161FA-A165-4D73-A851-9B4017D2279B}.Debug|Any CPU.ActiveCfg = Debug|Any CPU
		{537161FA-A165-4D73-A851-9B4017D2279B}.Debug|Any CPU.Build.0 = Debug|Any CPU
		{537161FA-A165-4D73-A851-9B4017D2279B}.Release|Any CPU.ActiveCfg = Release|Any CPU
		{537161FA-A165-4D73-A851-9B4017D2279B}.Release|Any CPU.Build.0 = Release|Any CPU
		{A72ACE7F-6869-40EA-A128-7FA8DAC80B39}.Debug|Any CPU.ActiveCfg = Debug|Any CPU
		{A72ACE7F-6869-40EA-A128-7FA8DAC80B39}.Debug|Any CPU.Build.0 = Debug|Any CPU
		{A72ACE7F-6869-40EA-A128-7FA8DAC80B39}.Release|Any CPU.ActiveCfg = Release|Any CPU
		{A72ACE7F-6869-40EA-A128-7FA8DAC80B39}.Release|Any CPU.Build.0 = Release|Any CPU
		{1BFB1646-057E-44F0-AEDA-F86F6EA72F8C}.Debug|Any CPU.ActiveCfg = Debug|Any CPU
		{1BFB1646-057E-44F0-AEDA-F86F6EA72F8C}.Debug|Any CPU.Build.0 = Debug|Any CPU
		{1BFB1646-057E-44F0-AEDA-F86F6EA72F8C}.Release|Any CPU.ActiveCfg = Release|Any CPU
		{1BFB1646-057E-44F0-AEDA-F86F6EA72F8C}.Release|Any CPU.Build.0 = Release|Any CPU
		{44FEFA1C-4FC2-4D83-8446-F74091A8B41C}.Debug|Any CPU.ActiveCfg = Debug|Any CPU
		{44FEFA1C-4FC2-4D83-8446-F74091A8B41C}.Debug|Any CPU.Build.0 = Debug|Any CPU
		{44FEFA1C-4FC2-4D83-8446-F74091A8B41C}.Release|Any CPU.ActiveCfg = Release|Any CPU
		{44FEFA1C-4FC2-4D83-8446-F74091A8B41C}.Release|Any CPU.Build.0 = Release|Any CPU
		{A76CAFFB-518A-4872-B65C-94888DEC0259}.Debug|Any CPU.ActiveCfg = Debug|Any CPU
		{A76CAFFB-518A-4872-B65C-94888DEC0259}.Debug|Any CPU.Build.0 = Debug|Any CPU
		{A76CAFFB-518A-4872-B65C-94888DEC0259}.Release|Any CPU.ActiveCfg = Release|Any CPU
		{A76CAFFB-518A-4872-B65C-94888DEC0259}.Release|Any CPU.Build.0 = Release|Any CPU
		{A1F8EC6D-9F69-4BCA-93F3-BC1FD8E8E636}.Debug|Any CPU.ActiveCfg = Debug|Any CPU
		{A1F8EC6D-9F69-4BCA-93F3-BC1FD8E8E636}.Debug|Any CPU.Build.0 = Debug|Any CPU
		{A1F8EC6D-9F69-4BCA-93F3-BC1FD8E8E636}.Release|Any CPU.ActiveCfg = Release|Any CPU
		{A1F8EC6D-9F69-4BCA-93F3-BC1FD8E8E636}.Release|Any CPU.Build.0 = Release|Any CPU
	EndGlobalSection
	GlobalSection(SolutionProperties) = preSolution
		HideSolutionNode = FALSE
	EndGlobalSection
	GlobalSection(NestedProjects) = preSolution
		{372EFFFA-57EF-40EF-9AD1-6B1250E16644} = {81920F53-ADF8-4E4F-87EE-59AB6BE9A90A}
		{ED1330FD-1B21-42ED-90EE-83D6C8D29E7D} = {81920F53-ADF8-4E4F-87EE-59AB6BE9A90A}
		{E9DA0236-0F4C-4438-84B0-4C63185BAC33} = {372EFFFA-57EF-40EF-9AD1-6B1250E16644}
		{76943D8D-8BAA-4EA3-85DA-175EBDF338C2} = {372EFFFA-57EF-40EF-9AD1-6B1250E16644}
		{C107280A-A10D-4C56-A45F-C4E553F5D2F1} = {372EFFFA-57EF-40EF-9AD1-6B1250E16644}
		{3A594D4F-1F53-46EE-98F7-0C52D4FAB9E8} = {372EFFFA-57EF-40EF-9AD1-6B1250E16644}
		{1D6CB65C-F34F-4369-89F7-E29BB5766A51} = {E9DA0236-0F4C-4438-84B0-4C63185BAC33}
		{76F38E3F-77D0-4673-83AC-44556E7CD59E} = {3A594D4F-1F53-46EE-98F7-0C52D4FAB9E8}
		{A51EB3D1-C8C4-4D35-851C-AF60A643560C} = {76943D8D-8BAA-4EA3-85DA-175EBDF338C2}
		{537161FA-A165-4D73-A851-9B4017D2279B} = {C107280A-A10D-4C56-A45F-C4E553F5D2F1}
		{A72ACE7F-6869-40EA-A128-7FA8DAC80B39} = {3A594D4F-1F53-46EE-98F7-0C52D4FAB9E8}
		{1BFB1646-057E-44F0-AEDA-F86F6EA72F8C} = {3A594D4F-1F53-46EE-98F7-0C52D4FAB9E8}
		{1D6D197D-E265-462A-914D-A2FD09AE8069} = {314D105B-5349-437A-A697-49A7EE9A955A}
		{44FEFA1C-4FC2-4D83-8446-F74091A8B41C} = {1D6D197D-E265-462A-914D-A2FD09AE8069}
		{A76CAFFB-518A-4872-B65C-94888DEC0259} = {1D6D197D-E265-462A-914D-A2FD09AE8069}
		{A1F8EC6D-9F69-4BCA-93F3-BC1FD8E8E636} = {ED1330FD-1B21-42ED-90EE-83D6C8D29E7D}
	EndGlobalSection
	GlobalSection(ExtensibilityGlobals) = postSolution
		SolutionGuid = {1EBEDC92-93C2-4C61-A1CE-278141253564}
	EndGlobalSection
EndGlobal
